// !$*UTF8*$!
{
	archiveVersion = 1;
	classes = {
	};
	objectVersion = 56;
	objects = {

/* Begin PBXBuildFile section */
		32073F062B47107B0097B378 /* RoutinesVC.swift in Sources */ = {isa = PBXBuildFile; fileRef = 32073F052B47107B0097B378 /* RoutinesVC.swift */; };
		320799512B49B166005A57EF /* GYMPopUpButton.swift in Sources */ = {isa = PBXBuildFile; fileRef = 320799502B49B166005A57EF /* GYMPopUpButton.swift */; };
		32330AD82B51D55F00F6238C /* SQLiteManager.swift in Sources */ = {isa = PBXBuildFile; fileRef = 32330AD72B51D55F00F6238C /* SQLiteManager.swift */; };
		3236C9C92B4DE923000B7F95 /* ProfileVC.swift in Sources */ = {isa = PBXBuildFile; fileRef = 3236C9C82B4DE923000B7F95 /* ProfileVC.swift */; };
		32741F252B452B6F00B36016 /* GFDataLoadingVC.swift in Sources */ = {isa = PBXBuildFile; fileRef = 32741F242B452B6F00B36016 /* GFDataLoadingVC.swift */; };
		3295979C2B4A265E0054AA34 /* TableViewHeader.swift in Sources */ = {isa = PBXBuildFile; fileRef = 3295979B2B4A265E0054AA34 /* TableViewHeader.swift */; };
		329D566A2B48962100B8CF04 /* EmptyStateUIView.swift in Sources */ = {isa = PBXBuildFile; fileRef = 329D56692B48962100B8CF04 /* EmptyStateUIView.swift */; };
		32A4A2A52B45D15000CD4005 /* ExerciseCell.swift in Sources */ = {isa = PBXBuildFile; fileRef = 32A4A2A42B45D15000CD4005 /* ExerciseCell.swift */; };
		32C383A22B0AA91A003D3676 /* AppDelegate.swift in Sources */ = {isa = PBXBuildFile; fileRef = 32C383A12B0AA91A003D3676 /* AppDelegate.swift */; };
		32C383A42B0AA91A003D3676 /* SceneDelegate.swift in Sources */ = {isa = PBXBuildFile; fileRef = 32C383A32B0AA91A003D3676 /* SceneDelegate.swift */; };
		32C383A62B0AA91A003D3676 /* LoginVC.swift in Sources */ = {isa = PBXBuildFile; fileRef = 32C383A52B0AA91A003D3676 /* LoginVC.swift */; };
		32C383AB2B0AA91C003D3676 /* Assets.xcassets in Resources */ = {isa = PBXBuildFile; fileRef = 32C383AA2B0AA91C003D3676 /* Assets.xcassets */; };
		32C383AE2B0AA91C003D3676 /* LaunchScreen.storyboard in Resources */ = {isa = PBXBuildFile; fileRef = 32C383AC2B0AA91C003D3676 /* LaunchScreen.storyboard */; };
		32C383DA2B0BB40A003D3676 /* GYMTextField.swift in Sources */ = {isa = PBXBuildFile; fileRef = 32C383D92B0BB40A003D3676 /* GYMTextField.swift */; };
		32C383DC2B0BB9ED003D3676 /* GYMButton.swift in Sources */ = {isa = PBXBuildFile; fileRef = 32C383DB2B0BB9ED003D3676 /* GYMButton.swift */; };
		32C383E02B0BDEFE003D3676 /* GYMTabBarController.swift in Sources */ = {isa = PBXBuildFile; fileRef = 32C383DF2B0BDEFE003D3676 /* GYMTabBarController.swift */; };
		32C383E22B0BE081003D3676 /* qrAccessVC.swift in Sources */ = {isa = PBXBuildFile; fileRef = 32C383E12B0BE081003D3676 /* qrAccessVC.swift */; };
		32D8C76A2B0C232E001AF58E /* NetworkManager.swift in Sources */ = {isa = PBXBuildFile; fileRef = 32D8C7692B0C232E001AF58E /* NetworkManager.swift */; };
		32D8C76C2B0C2483001AF58E /* Constants.swift in Sources */ = {isa = PBXBuildFile; fileRef = 32D8C76B2B0C2483001AF58E /* Constants.swift */; };
		32D8C76F2B0C27B0001AF58E /* GYMError.swift in Sources */ = {isa = PBXBuildFile; fileRef = 32D8C76E2B0C27B0001AF58E /* GYMError.swift */; };
		32D8C7772B0C6EDF001AF58E /* muscleDTO.swift in Sources */ = {isa = PBXBuildFile; fileRef = 32D8C7762B0C6EDE001AF58E /* muscleDTO.swift */; };
		32EA1C422B4601430074A9C5 /* UIView+Ext.swift in Sources */ = {isa = PBXBuildFile; fileRef = 32EA1C412B4601430074A9C5 /* UIView+Ext.swift */; };
		32EA1C442B460B360074A9C5 /* Exercise.swift in Sources */ = {isa = PBXBuildFile; fileRef = 32EA1C432B460B360074A9C5 /* Exercise.swift */; };
		32EA1C492B4665700074A9C5 /* SquareTextUIView.swift in Sources */ = {isa = PBXBuildFile; fileRef = 32EA1C482B4665700074A9C5 /* SquareTextUIView.swift */; };
		32EA1C4D2B4684BE0074A9C5 /* ExerciseInfoVC.swift in Sources */ = {isa = PBXBuildFile; fileRef = 32EA1C4C2B4684BE0074A9C5 /* ExerciseInfoVC.swift */; };
/* End PBXBuildFile section */

/* Begin PBXFileReference section */
		32073F052B47107B0097B378 /* RoutinesVC.swift */ = {isa = PBXFileReference; lastKnownFileType = sourcecode.swift; path = RoutinesVC.swift; sourceTree = "<group>"; };
		320799502B49B166005A57EF /* GYMPopUpButton.swift */ = {isa = PBXFileReference; lastKnownFileType = sourcecode.swift; path = GYMPopUpButton.swift; sourceTree = "<group>"; };
		32330AD72B51D55F00F6238C /* SQLiteManager.swift */ = {isa = PBXFileReference; lastKnownFileType = sourcecode.swift; path = SQLiteManager.swift; sourceTree = "<group>"; };
		3236C9C82B4DE923000B7F95 /* ProfileVC.swift */ = {isa = PBXFileReference; lastKnownFileType = sourcecode.swift; path = ProfileVC.swift; sourceTree = "<group>"; };
		32741F242B452B6F00B36016 /* GFDataLoadingVC.swift */ = {isa = PBXFileReference; lastKnownFileType = sourcecode.swift; path = GFDataLoadingVC.swift; sourceTree = "<group>"; };
		3295979B2B4A265E0054AA34 /* TableViewHeader.swift */ = {isa = PBXFileReference; lastKnownFileType = sourcecode.swift; path = TableViewHeader.swift; sourceTree = "<group>"; };
		329D56692B48962100B8CF04 /* EmptyStateUIView.swift */ = {isa = PBXFileReference; lastKnownFileType = sourcecode.swift; path = EmptyStateUIView.swift; sourceTree = "<group>"; };
		32A4A2A42B45D15000CD4005 /* ExerciseCell.swift */ = {isa = PBXFileReference; lastKnownFileType = sourcecode.swift; path = ExerciseCell.swift; sourceTree = "<group>"; };
		32C3839E2B0AA91A003D3676 /* GYMFIT.app */ = {isa = PBXFileReference; explicitFileType = wrapper.application; includeInIndex = 0; path = GYMFIT.app; sourceTree = BUILT_PRODUCTS_DIR; };
		32C383A12B0AA91A003D3676 /* AppDelegate.swift */ = {isa = PBXFileReference; lastKnownFileType = sourcecode.swift; path = AppDelegate.swift; sourceTree = "<group>"; };
		32C383A32B0AA91A003D3676 /* SceneDelegate.swift */ = {isa = PBXFileReference; lastKnownFileType = sourcecode.swift; path = SceneDelegate.swift; sourceTree = "<group>"; };
		32C383A52B0AA91A003D3676 /* LoginVC.swift */ = {isa = PBXFileReference; lastKnownFileType = sourcecode.swift; path = LoginVC.swift; sourceTree = "<group>"; };
		32C383AA2B0AA91C003D3676 /* Assets.xcassets */ = {isa = PBXFileReference; lastKnownFileType = folder.assetcatalog; path = Assets.xcassets; sourceTree = "<group>"; };
		32C383AD2B0AA91C003D3676 /* Base */ = {isa = PBXFileReference; lastKnownFileType = file.storyboard; name = Base; path = Base.lproj/LaunchScreen.storyboard; sourceTree = "<group>"; };
		32C383AF2B0AA91C003D3676 /* Info.plist */ = {isa = PBXFileReference; lastKnownFileType = text.plist.xml; path = Info.plist; sourceTree = "<group>"; };
		32C383D92B0BB40A003D3676 /* GYMTextField.swift */ = {isa = PBXFileReference; lastKnownFileType = sourcecode.swift; path = GYMTextField.swift; sourceTree = "<group>"; };
		32C383DB2B0BB9ED003D3676 /* GYMButton.swift */ = {isa = PBXFileReference; lastKnownFileType = sourcecode.swift; path = GYMButton.swift; sourceTree = "<group>"; };
		32C383DF2B0BDEFE003D3676 /* GYMTabBarController.swift */ = {isa = PBXFileReference; lastKnownFileType = sourcecode.swift; path = GYMTabBarController.swift; sourceTree = "<group>"; };
		32C383E12B0BE081003D3676 /* qrAccessVC.swift */ = {isa = PBXFileReference; lastKnownFileType = sourcecode.swift; path = qrAccessVC.swift; sourceTree = "<group>"; };
		32D8C7692B0C232E001AF58E /* NetworkManager.swift */ = {isa = PBXFileReference; lastKnownFileType = sourcecode.swift; path = NetworkManager.swift; sourceTree = "<group>"; };
		32D8C76B2B0C2483001AF58E /* Constants.swift */ = {isa = PBXFileReference; lastKnownFileType = sourcecode.swift; path = Constants.swift; sourceTree = "<group>"; };
		32D8C76E2B0C27B0001AF58E /* GYMError.swift */ = {isa = PBXFileReference; lastKnownFileType = sourcecode.swift; path = GYMError.swift; sourceTree = "<group>"; };
		32D8C7762B0C6EDE001AF58E /* muscleDTO.swift */ = {isa = PBXFileReference; lastKnownFileType = sourcecode.swift; path = muscleDTO.swift; sourceTree = "<group>"; };
		32EA1C412B4601430074A9C5 /* UIView+Ext.swift */ = {isa = PBXFileReference; lastKnownFileType = sourcecode.swift; path = "UIView+Ext.swift"; sourceTree = "<group>"; };
		32EA1C432B460B360074A9C5 /* Exercise.swift */ = {isa = PBXFileReference; lastKnownFileType = sourcecode.swift; path = Exercise.swift; sourceTree = "<group>"; };
		32EA1C482B4665700074A9C5 /* SquareTextUIView.swift */ = {isa = PBXFileReference; lastKnownFileType = sourcecode.swift; path = SquareTextUIView.swift; sourceTree = "<group>"; };
		32EA1C4C2B4684BE0074A9C5 /* ExerciseInfoVC.swift */ = {isa = PBXFileReference; lastKnownFileType = sourcecode.swift; path = ExerciseInfoVC.swift; sourceTree = "<group>"; };
/* End PBXFileReference section */

/* Begin PBXFrameworksBuildPhase section */
		32C3839B2B0AA91A003D3676 /* Frameworks */ = {
			isa = PBXFrameworksBuildPhase;
			buildActionMask = 2147483647;
			files = (
			);
			runOnlyForDeploymentPostprocessing = 0;
		};
/* End PBXFrameworksBuildPhase section */

/* Begin PBXGroup section */
		32741F232B452B2C00B36016 /* ViewControllers */ = {
			isa = PBXGroup;
			children = (
				32741F242B452B6F00B36016 /* GFDataLoadingVC.swift */,
			);
			path = ViewControllers;
			sourceTree = "<group>";
		};
		329D56682B4895F800B8CF04 /* TextFields */ = {
			isa = PBXGroup;
			children = (
				32C383D92B0BB40A003D3676 /* GYMTextField.swift */,
			);
			path = TextFields;
			sourceTree = "<group>";
		};
		329D566B2B48AA7800B8CF04 /* Buttons */ = {
			isa = PBXGroup;
			children = (
				32C383DB2B0BB9ED003D3676 /* GYMButton.swift */,
				320799502B49B166005A57EF /* GYMPopUpButton.swift */,
			);
			path = Buttons;
			sourceTree = "<group>";
		};
		32A4A2A32B45C90B00CD4005 /* Cells */ = {
			isa = PBXGroup;
			children = (
				32A4A2A42B45D15000CD4005 /* ExerciseCell.swift */,
			);
			path = Cells;
			sourceTree = "<group>";
		};
		32C383952B0AA91A003D3676 = {
			isa = PBXGroup;
			children = (
				32C383A02B0AA91A003D3676 /* GYMFIT */,
				32C3839F2B0AA91A003D3676 /* Products */,
			);
			sourceTree = "<group>";
		};
		32C3839F2B0AA91A003D3676 /* Products */ = {
			isa = PBXGroup;
			children = (
				32C3839E2B0AA91A003D3676 /* GYMFIT.app */,
			);
			name = Products;
			sourceTree = "<group>";
		};
		32C383A02B0AA91A003D3676 /* GYMFIT */ = {
			isa = PBXGroup;
			children = (
				32EA1C402B4600520074A9C5 /* Extensions */,
				32D8C7702B0C2B05001AF58E /* Model */,
				32D8C76D2B0C2784001AF58E /* Utilities */,
				32D8C7682B0C2320001AF58E /* Managers */,
				32C383D82B0BB3DB003D3676 /* CustomViews */,
				32C383D72B0BA56E003D3676 /* Screens */,
				32C383E32B0BEEDE003D3676 /* Support */,
			);
			path = GYMFIT;
			sourceTree = "<group>";
		};
		32C383D72B0BA56E003D3676 /* Screens */ = {
			isa = PBXGroup;
			children = (
				32C383A52B0AA91A003D3676 /* LoginVC.swift */,
				32C383E12B0BE081003D3676 /* qrAccessVC.swift */,
				32073F052B47107B0097B378 /* RoutinesVC.swift */,
				32EA1C4C2B4684BE0074A9C5 /* ExerciseInfoVC.swift */,
				3236C9C82B4DE923000B7F95 /* ProfileVC.swift */,
			);
			path = Screens;
			sourceTree = "<group>";
		};
		32C383D82B0BB3DB003D3676 /* CustomViews */ = {
			isa = PBXGroup;
			children = (
				32741F232B452B2C00B36016 /* ViewControllers */,
				32EA1C472B46654A0074A9C5 /* Views */,
				32A4A2A32B45C90B00CD4005 /* Cells */,
				329D566B2B48AA7800B8CF04 /* Buttons */,
				329D56682B4895F800B8CF04 /* TextFields */,
			);
			path = CustomViews;
			sourceTree = "<group>";
		};
		32C383E32B0BEEDE003D3676 /* Support */ = {
			isa = PBXGroup;
			children = (
				32C383DF2B0BDEFE003D3676 /* GYMTabBarController.swift */,
				32C383A12B0AA91A003D3676 /* AppDelegate.swift */,
				32C383A32B0AA91A003D3676 /* SceneDelegate.swift */,
				32C383AA2B0AA91C003D3676 /* Assets.xcassets */,
				32C383AC2B0AA91C003D3676 /* LaunchScreen.storyboard */,
				32C383AF2B0AA91C003D3676 /* Info.plist */,
			);
			path = Support;
			sourceTree = "<group>";
		};
		32D8C7682B0C2320001AF58E /* Managers */ = {
			isa = PBXGroup;
			children = (
				32D8C7692B0C232E001AF58E /* NetworkManager.swift */,
				32330AD72B51D55F00F6238C /* SQLiteManager.swift */,
			);
			path = Managers;
			sourceTree = "<group>";
		};
		32D8C76D2B0C2784001AF58E /* Utilities */ = {
			isa = PBXGroup;
			children = (
				32D8C76B2B0C2483001AF58E /* Constants.swift */,
				32D8C76E2B0C27B0001AF58E /* GYMError.swift */,
			);
			path = Utilities;
			sourceTree = "<group>";
		};
		32D8C7702B0C2B05001AF58E /* Model */ = {
			isa = PBXGroup;
			children = (
				32D8C7762B0C6EDE001AF58E /* muscleDTO.swift */,
				32EA1C432B460B360074A9C5 /* Exercise.swift */,
			);
			path = Model;
			sourceTree = "<group>";
		};
		32EA1C402B4600520074A9C5 /* Extensions */ = {
			isa = PBXGroup;
			children = (
				32EA1C412B4601430074A9C5 /* UIView+Ext.swift */,
			);
			path = Extensions;
			sourceTree = "<group>";
		};
		32EA1C472B46654A0074A9C5 /* Views */ = {
			isa = PBXGroup;
			children = (
				32EA1C482B4665700074A9C5 /* SquareTextUIView.swift */,
				329D56692B48962100B8CF04 /* EmptyStateUIView.swift */,
				3295979B2B4A265E0054AA34 /* TableViewHeader.swift */,
			);
			path = Views;
			sourceTree = "<group>";
		};
/* End PBXGroup section */

/* Begin PBXNativeTarget section */
		32C3839D2B0AA91A003D3676 /* GYMFIT */ = {
			isa = PBXNativeTarget;
			buildConfigurationList = 32C383B22B0AA91C003D3676 /* Build configuration list for PBXNativeTarget "GYMFIT" */;
			buildPhases = (
				32C3839A2B0AA91A003D3676 /* Sources */,
				32C3839B2B0AA91A003D3676 /* Frameworks */,
				32C3839C2B0AA91A003D3676 /* Resources */,
			);
			buildRules = (
			);
			dependencies = (
			);
			name = GYMFIT;
			productName = GYMRoutine;
			productReference = 32C3839E2B0AA91A003D3676 /* GYMFIT.app */;
			productType = "com.apple.product-type.application";
		};
/* End PBXNativeTarget section */

/* Begin PBXProject section */
		32C383962B0AA91A003D3676 /* Project object */ = {
			isa = PBXProject;
			attributes = {
				BuildIndependentTargetsInParallel = 1;
				LastSwiftUpdateCheck = 1500;
				LastUpgradeCheck = 1500;
				TargetAttributes = {
					32C3839D2B0AA91A003D3676 = {
						CreatedOnToolsVersion = 15.0.1;
					};
				};
			};
			buildConfigurationList = 32C383992B0AA91A003D3676 /* Build configuration list for PBXProject "GYMFIT" */;
			compatibilityVersion = "Xcode 14.0";
			developmentRegion = en;
			hasScannedForEncodings = 0;
			knownRegions = (
				en,
				Base,
			);
			mainGroup = 32C383952B0AA91A003D3676;
			productRefGroup = 32C3839F2B0AA91A003D3676 /* Products */;
			projectDirPath = "";
			projectRoot = "";
			targets = (
				32C3839D2B0AA91A003D3676 /* GYMFIT */,
			);
		};
/* End PBXProject section */

/* Begin PBXResourcesBuildPhase section */
		32C3839C2B0AA91A003D3676 /* Resources */ = {
			isa = PBXResourcesBuildPhase;
			buildActionMask = 2147483647;
			files = (
				32C383AE2B0AA91C003D3676 /* LaunchScreen.storyboard in Resources */,
				32C383AB2B0AA91C003D3676 /* Assets.xcassets in Resources */,
			);
			runOnlyForDeploymentPostprocessing = 0;
		};
/* End PBXResourcesBuildPhase section */

/* Begin PBXSourcesBuildPhase section */
		32C3839A2B0AA91A003D3676 /* Sources */ = {
			isa = PBXSourcesBuildPhase;
			buildActionMask = 2147483647;
			files = (
				32D8C76A2B0C232E001AF58E /* NetworkManager.swift in Sources */,
				32EA1C442B460B360074A9C5 /* Exercise.swift in Sources */,
				32C383A62B0AA91A003D3676 /* LoginVC.swift in Sources */,
				32EA1C422B4601430074A9C5 /* UIView+Ext.swift in Sources */,
				32330AD82B51D55F00F6238C /* SQLiteManager.swift in Sources */,
				320799512B49B166005A57EF /* GYMPopUpButton.swift in Sources */,
				32D8C7772B0C6EDF001AF58E /* muscleDTO.swift in Sources */,
				3236C9C92B4DE923000B7F95 /* ProfileVC.swift in Sources */,
				3295979C2B4A265E0054AA34 /* TableViewHeader.swift in Sources */,
				32D8C76F2B0C27B0001AF58E /* GYMError.swift in Sources */,
				32741F252B452B6F00B36016 /* GFDataLoadingVC.swift in Sources */,
				32A4A2A52B45D15000CD4005 /* ExerciseCell.swift in Sources */,
				32C383E22B0BE081003D3676 /* qrAccessVC.swift in Sources */,
				32C383A22B0AA91A003D3676 /* AppDelegate.swift in Sources */,
				32C383DC2B0BB9ED003D3676 /* GYMButton.swift in Sources */,
				32D8C76C2B0C2483001AF58E /* Constants.swift in Sources */,
				32073F062B47107B0097B378 /* RoutinesVC.swift in Sources */,
				32EA1C4D2B4684BE0074A9C5 /* ExerciseInfoVC.swift in Sources */,
				32C383E02B0BDEFE003D3676 /* GYMTabBarController.swift in Sources */,
				32EA1C492B4665700074A9C5 /* SquareTextUIView.swift in Sources */,
				329D566A2B48962100B8CF04 /* EmptyStateUIView.swift in Sources */,
				32C383A42B0AA91A003D3676 /* SceneDelegate.swift in Sources */,
				32C383DA2B0BB40A003D3676 /* GYMTextField.swift in Sources */,
			);
			runOnlyForDeploymentPostprocessing = 0;
		};
/* End PBXSourcesBuildPhase section */

/* Begin PBXVariantGroup section */
		32C383AC2B0AA91C003D3676 /* LaunchScreen.storyboard */ = {
			isa = PBXVariantGroup;
			children = (
				32C383AD2B0AA91C003D3676 /* Base */,
			);
			name = LaunchScreen.storyboard;
			sourceTree = "<group>";
		};
/* End PBXVariantGroup section */

/* Begin XCBuildConfiguration section */
		32C383B02B0AA91C003D3676 /* Debug */ = {
			isa = XCBuildConfiguration;
			buildSettings = {
				ALWAYS_SEARCH_USER_PATHS = NO;
				ASSETCATALOG_COMPILER_GENERATE_SWIFT_ASSET_SYMBOL_EXTENSIONS = YES;
				CLANG_ANALYZER_NONNULL = YES;
				CLANG_ANALYZER_NUMBER_OBJECT_CONVERSION = YES_AGGRESSIVE;
				CLANG_CXX_LANGUAGE_STANDARD = "gnu++20";
				CLANG_ENABLE_MODULES = YES;
				CLANG_ENABLE_OBJC_ARC = YES;
				CLANG_ENABLE_OBJC_WEAK = YES;
				CLANG_WARN_BLOCK_CAPTURE_AUTORELEASING = YES;
				CLANG_WARN_BOOL_CONVERSION = YES;
				CLANG_WARN_COMMA = YES;
				CLANG_WARN_CONSTANT_CONVERSION = YES;
				CLANG_WARN_DEPRECATED_OBJC_IMPLEMENTATIONS = YES;
				CLANG_WARN_DIRECT_OBJC_ISA_USAGE = YES_ERROR;
				CLANG_WARN_DOCUMENTATION_COMMENTS = YES;
				CLANG_WARN_EMPTY_BODY = YES;
				CLANG_WARN_ENUM_CONVERSION = YES;
				CLANG_WARN_INFINITE_RECURSION = YES;
				CLANG_WARN_INT_CONVERSION = YES;
				CLANG_WARN_NON_LITERAL_NULL_CONVERSION = YES;
				CLANG_WARN_OBJC_IMPLICIT_RETAIN_SELF = YES;
				CLANG_WARN_OBJC_LITERAL_CONVERSION = YES;
				CLANG_WARN_OBJC_ROOT_CLASS = YES_ERROR;
				CLANG_WARN_QUOTED_INCLUDE_IN_FRAMEWORK_HEADER = YES;
				CLANG_WARN_RANGE_LOOP_ANALYSIS = YES;
				CLANG_WARN_STRICT_PROTOTYPES = YES;
				CLANG_WARN_SUSPICIOUS_MOVE = YES;
				CLANG_WARN_UNGUARDED_AVAILABILITY = YES_AGGRESSIVE;
				CLANG_WARN_UNREACHABLE_CODE = YES;
				CLANG_WARN__DUPLICATE_METHOD_MATCH = YES;
				COPY_PHASE_STRIP = NO;
				DEBUG_INFORMATION_FORMAT = dwarf;
				ENABLE_STRICT_OBJC_MSGSEND = YES;
				ENABLE_TESTABILITY = YES;
				ENABLE_USER_SCRIPT_SANDBOXING = YES;
				GCC_C_LANGUAGE_STANDARD = gnu17;
				GCC_DYNAMIC_NO_PIC = NO;
				GCC_NO_COMMON_BLOCKS = YES;
				GCC_OPTIMIZATION_LEVEL = 0;
				GCC_PREPROCESSOR_DEFINITIONS = (
					"DEBUG=1",
					"$(inherited)",
				);
				GCC_WARN_64_TO_32_BIT_CONVERSION = YES;
				GCC_WARN_ABOUT_RETURN_TYPE = YES_ERROR;
				GCC_WARN_UNDECLARED_SELECTOR = YES;
				GCC_WARN_UNINITIALIZED_AUTOS = YES_AGGRESSIVE;
				GCC_WARN_UNUSED_FUNCTION = YES;
				GCC_WARN_UNUSED_VARIABLE = YES;
				IPHONEOS_DEPLOYMENT_TARGET = 15.0;
				LOCALIZATION_PREFERS_STRING_CATALOGS = YES;
				MTL_ENABLE_DEBUG_INFO = INCLUDE_SOURCE;
				MTL_FAST_MATH = YES;
				ONLY_ACTIVE_ARCH = YES;
				SDKROOT = iphoneos;
				SWIFT_ACTIVE_COMPILATION_CONDITIONS = "DEBUG $(inherited)";
				SWIFT_OPTIMIZATION_LEVEL = "-Onone";
			};
			name = Debug;
		};
		32C383B12B0AA91C003D3676 /* Release */ = {
			isa = XCBuildConfiguration;
			buildSettings = {
				ALWAYS_SEARCH_USER_PATHS = NO;
				ASSETCATALOG_COMPILER_GENERATE_SWIFT_ASSET_SYMBOL_EXTENSIONS = YES;
				CLANG_ANALYZER_NONNULL = YES;
				CLANG_ANALYZER_NUMBER_OBJECT_CONVERSION = YES_AGGRESSIVE;
				CLANG_CXX_LANGUAGE_STANDARD = "gnu++20";
				CLANG_ENABLE_MODULES = YES;
				CLANG_ENABLE_OBJC_ARC = YES;
				CLANG_ENABLE_OBJC_WEAK = YES;
				CLANG_WARN_BLOCK_CAPTURE_AUTORELEASING = YES;
				CLANG_WARN_BOOL_CONVERSION = YES;
				CLANG_WARN_COMMA = YES;
				CLANG_WARN_CONSTANT_CONVERSION = YES;
				CLANG_WARN_DEPRECATED_OBJC_IMPLEMENTATIONS = YES;
				CLANG_WARN_DIRECT_OBJC_ISA_USAGE = YES_ERROR;
				CLANG_WARN_DOCUMENTATION_COMMENTS = YES;
				CLANG_WARN_EMPTY_BODY = YES;
				CLANG_WARN_ENUM_CONVERSION = YES;
				CLANG_WARN_INFINITE_RECURSION = YES;
				CLANG_WARN_INT_CONVERSION = YES;
				CLANG_WARN_NON_LITERAL_NULL_CONVERSION = YES;
				CLANG_WARN_OBJC_IMPLICIT_RETAIN_SELF = YES;
				CLANG_WARN_OBJC_LITERAL_CONVERSION = YES;
				CLANG_WARN_OBJC_ROOT_CLASS = YES_ERROR;
				CLANG_WARN_QUOTED_INCLUDE_IN_FRAMEWORK_HEADER = YES;
				CLANG_WARN_RANGE_LOOP_ANALYSIS = YES;
				CLANG_WARN_STRICT_PROTOTYPES = YES;
				CLANG_WARN_SUSPICIOUS_MOVE = YES;
				CLANG_WARN_UNGUARDED_AVAILABILITY = YES_AGGRESSIVE;
				CLANG_WARN_UNREACHABLE_CODE = YES;
				CLANG_WARN__DUPLICATE_METHOD_MATCH = YES;
				COPY_PHASE_STRIP = NO;
				DEBUG_INFORMATION_FORMAT = "dwarf-with-dsym";
				ENABLE_NS_ASSERTIONS = NO;
				ENABLE_STRICT_OBJC_MSGSEND = YES;
				ENABLE_USER_SCRIPT_SANDBOXING = YES;
				GCC_C_LANGUAGE_STANDARD = gnu17;
				GCC_NO_COMMON_BLOCKS = YES;
				GCC_WARN_64_TO_32_BIT_CONVERSION = YES;
				GCC_WARN_ABOUT_RETURN_TYPE = YES_ERROR;
				GCC_WARN_UNDECLARED_SELECTOR = YES;
				GCC_WARN_UNINITIALIZED_AUTOS = YES_AGGRESSIVE;
				GCC_WARN_UNUSED_FUNCTION = YES;
				GCC_WARN_UNUSED_VARIABLE = YES;
				IPHONEOS_DEPLOYMENT_TARGET = 15.0;
				LOCALIZATION_PREFERS_STRING_CATALOGS = YES;
				MTL_ENABLE_DEBUG_INFO = NO;
				MTL_FAST_MATH = YES;
				SDKROOT = iphoneos;
				SWIFT_COMPILATION_MODE = wholemodule;
				VALIDATE_PRODUCT = YES;
			};
			name = Release;
		};
		32C383B32B0AA91C003D3676 /* Debug */ = {
			isa = XCBuildConfiguration;
			buildSettings = {
				ASSETCATALOG_COMPILER_APPICON_NAME = AppIcon;
				ASSETCATALOG_COMPILER_GLOBAL_ACCENT_COLOR_NAME = AccentColor;
				CODE_SIGN_STYLE = Automatic;
				CURRENT_PROJECT_VERSION = 1;
				DEVELOPMENT_TEAM = 2DB36S6ZG2;
				GENERATE_INFOPLIST_FILE = YES;
				INFOPLIST_FILE = GYMFIT/Support/Info.plist;
				INFOPLIST_KEY_CFBundleDisplayName = "GYM FIT";
				INFOPLIST_KEY_LSApplicationCategoryType = "";
				INFOPLIST_KEY_UIApplicationSupportsIndirectInputEvents = YES;
				INFOPLIST_KEY_UILaunchStoryboardName = LaunchScreen;
				INFOPLIST_KEY_UIStatusBarStyle = "";
				INFOPLIST_KEY_UISupportedInterfaceOrientations = UIInterfaceOrientationPortrait;
				INFOPLIST_KEY_UISupportedInterfaceOrientations_iPad = "UIInterfaceOrientationLandscapeLeft UIInterfaceOrientationLandscapeRight UIInterfaceOrientationPortrait UIInterfaceOrientationPortraitUpsideDown";
				IPHONEOS_DEPLOYMENT_TARGET = 15.0;
				LD_RUNPATH_SEARCH_PATHS = (
					"$(inherited)",
					"@executable_path/Frameworks",
				);
				MARKETING_VERSION = 1.0;
				PRODUCT_BUNDLE_IDENTIFIER = com.nahuelterrazas.GYMFIT;
				PRODUCT_NAME = "$(TARGET_NAME)";
				SWIFT_EMIT_LOC_STRINGS = YES;
				SWIFT_VERSION = 5.0;
				TARGETED_DEVICE_FAMILY = "1,2";
			};
			name = Debug;
		};
		32C383B42B0AA91C003D3676 /* Release */ = {
			isa = XCBuildConfiguration;
			buildSettings = {
				ASSETCATALOG_COMPILER_APPICON_NAME = AppIcon;
				ASSETCATALOG_COMPILER_GLOBAL_ACCENT_COLOR_NAME = AccentColor;
				CODE_SIGN_STYLE = Automatic;
				CURRENT_PROJECT_VERSION = 1;
				DEVELOPMENT_TEAM = 2DB36S6ZG2;
				GENERATE_INFOPLIST_FILE = YES;
				INFOPLIST_FILE = GYMFIT/Support/Info.plist;
				INFOPLIST_KEY_CFBundleDisplayName = "GYM FIT";
				INFOPLIST_KEY_LSApplicationCategoryType = "";
				INFOPLIST_KEY_UIApplicationSupportsIndirectInputEvents = YES;
				INFOPLIST_KEY_UILaunchStoryboardName = LaunchScreen;
				INFOPLIST_KEY_UIStatusBarStyle = "";
				INFOPLIST_KEY_UISupportedInterfaceOrientations = UIInterfaceOrientationPortrait;
				INFOPLIST_KEY_UISupportedInterfaceOrientations_iPad = "UIInterfaceOrientationLandscapeLeft UIInterfaceOrientationLandscapeRight UIInterfaceOrientationPortrait UIInterfaceOrientationPortraitUpsideDown";
				IPHONEOS_DEPLOYMENT_TARGET = 15.0;
				LD_RUNPATH_SEARCH_PATHS = (
					"$(inherited)",
					"@executable_path/Frameworks",
				);
				MARKETING_VERSION = 1.0;
				PRODUCT_BUNDLE_IDENTIFIER = com.nahuelterrazas.GYMFIT;
				PRODUCT_NAME = "$(TARGET_NAME)";
				SWIFT_EMIT_LOC_STRINGS = YES;
				SWIFT_VERSION = 5.0;
				TARGETED_DEVICE_FAMILY = "1,2";
			};
			name = Release;
		};
/* End XCBuildConfiguration section */

/* Begin XCConfigurationList section */
		32C383992B0AA91A003D3676 /* Build configuration list for PBXProject "GYMFIT" */ = {
			isa = XCConfigurationList;
			buildConfigurations = (
				32C383B02B0AA91C003D3676 /* Debug */,
				32C383B12B0AA91C003D3676 /* Release */,
			);
			defaultConfigurationIsVisible = 0;
			defaultConfigurationName = Release;
		};
		32C383B22B0AA91C003D3676 /* Build configuration list for PBXNativeTarget "GYMFIT" */ = {
			isa = XCConfigurationList;
			buildConfigurations = (
				32C383B32B0AA91C003D3676 /* Debug */,
				32C383B42B0AA91C003D3676 /* Release */,
			);
			defaultConfigurationIsVisible = 0;
			defaultConfigurationName = Release;
		};
/* End XCConfigurationList section */
	};
	rootObject = 32C383962B0AA91A003D3676 /* Project object */;
}
